
Microsoft Visual Studio Solution File, Format Version 12.00
# Visual Studio 15
VisualStudioVersion = 15.0.27130.2027
MinimumVisualStudioVersion = 10.0.40219.1
Project("{FAE04EC0-301F-11D3-BF4B-00C04F79EFBC}") = "Sales.Android", "Sales\Sales.Android\Sales.Android.csproj", "{61B569A7-3971-42B6-AA30-8FC2C4F74671}"
EndProject
Project("{FAE04EC0-301F-11D3-BF4B-00C04F79EFBC}") = "Sales.iOS", "Sales\Sales.iOS\Sales.iOS.csproj", "{7E4A7852-67D8-448F-8F11-F6E5F0E7E408}"
EndProject
Project("{FAE04EC0-301F-11D3-BF4B-00C04F79EFBC}") = "Sales", "Sales\Sales\Sales.csproj", "{E6C4D462-68A2-4847-AE01-7D54EE5DB4F1}"
EndProject
Project("{FAE04EC0-301F-11D3-BF4B-00C04F79EFBC}") = "Sales.Backend", "Sales.Backend\Sales.Backend.csproj", "{86D4A5F6-2832-4CA1-807E-7A2CC0F9365D}"
EndProject
Project("{FAE04EC0-301F-11D3-BF4B-00C04F79EFBC}") = "Sales.API", "Sales.API\Sales.API.csproj", "{E6B98D7E-BB5C-4D00-93E2-91E9B3A25083}"
EndProject
Project("{FAE04EC0-301F-11D3-BF4B-00C04F79EFBC}") = "Sales.Domain", "Sales.Domain\Sales.Domain.csproj", "{21D70D83-4FAD-4359-B6D0-EA840FAB90E8}"
EndProject
Project("{FAE04EC0-301F-11D3-BF4B-00C04F79EFBC}") = "Sales.Common", "Sales.Common\Sales.Common.csproj", "{F9193970-2A8C-435F-B6B1-7C9E4E71F033}"
EndProject
Global
	GlobalSection(SolutionConfigurationPlatforms) = preSolution
		Ad-Hoc|Any CPU = Ad-Hoc|Any CPU
		Ad-Hoc|iPhone = Ad-Hoc|iPhone
		Ad-Hoc|iPhoneSimulator = Ad-Hoc|iPhoneSimulator
		AppStore|Any CPU = AppStore|Any CPU
		AppStore|iPhone = AppStore|iPhone
		AppStore|iPhoneSimulator = AppStore|iPhoneSimulator
		Debug|Any CPU = Debug|Any CPU
		Debug|iPhone = Debug|iPhone
		Debug|iPhoneSimulator = Debug|iPhoneSimulator
		Release|Any CPU = Release|Any CPU
		Release|iPhone = Release|iPhone
		Release|iPhoneSimulator = Release|iPhoneSimulator
	EndGlobalSection
	GlobalSection(ProjectConfigurationPlatforms) = postSolution
		{61B569A7-3971-42B6-AA30-8FC2C4F74671}.Ad-Hoc|Any CPU.ActiveCfg = Release|Any CPU
		{61B569A7-3971-42B6-AA30-8FC2C4F74671}.Ad-Hoc|Any CPU.Build.0 = Release|Any CPU
		{61B569A7-3971-42B6-AA30-8FC2C4F74671}.Ad-Hoc|Any CPU.Deploy.0 = Release|Any CPU
		{61B569A7-3971-42B6-AA30-8FC2C4F74671}.Ad-Hoc|iPhone.ActiveCfg = Release|Any CPU
		{61B569A7-3971-42B6-AA30-8FC2C4F74671}.Ad-Hoc|iPhone.Build.0 = Release|Any CPU
		{61B569A7-3971-42B6-AA30-8FC2C4F74671}.Ad-Hoc|iPhone.Deploy.0 = Release|Any CPU
		{61B569A7-3971-42B6-AA30-8FC2C4F74671}.Ad-Hoc|iPhoneSimulator.ActiveCfg = Release|Any CPU
		{61B569A7-3971-42B6-AA30-8FC2C4F74671}.Ad-Hoc|iPhoneSimulator.Build.0 = Release|Any CPU
		{61B569A7-3971-42B6-AA30-8FC2C4F74671}.Ad-Hoc|iPhoneSimulator.Deploy.0 = Release|Any CPU
		{61B569A7-3971-42B6-AA30-8FC2C4F74671}.AppStore|Any CPU.ActiveCfg = Release|Any CPU
		{61B569A7-3971-42B6-AA30-8FC2C4F74671}.AppStore|Any CPU.Build.0 = Release|Any CPU
		{61B569A7-3971-42B6-AA30-8FC2C4F74671}.AppStore|Any CPU.Deploy.0 = Release|Any CPU
		{61B569A7-3971-42B6-AA30-8FC2C4F74671}.AppStore|iPhone.ActiveCfg = Release|Any CPU
		{61B569A7-3971-42B6-AA30-8FC2C4F74671}.AppStore|iPhone.Build.0 = Release|Any CPU
		{61B569A7-3971-42B6-AA30-8FC2C4F74671}.AppStore|iPhone.Deploy.0 = Release|Any CPU
		{61B569A7-3971-42B6-AA30-8FC2C4F74671}.AppStore|iPhoneSimulator.ActiveCfg = Release|Any CPU
		{61B569A7-3971-42B6-AA30-8FC2C4F74671}.AppStore|iPhoneSimulator.Build.0 = Release|Any CPU
		{61B569A7-3971-42B6-AA30-8FC2C4F74671}.AppStore|iPhoneSimulator.Deploy.0 = Release|Any CPU
		{61B569A7-3971-42B6-AA30-8FC2C4F74671}.Debug|Any CPU.ActiveCfg = Debug|Any CPU
		{61B569A7-3971-42B6-AA30-8FC2C4F74671}.Debug|Any CPU.Build.0 = Debug|Any CPU
		{61B569A7-3971-42B6-AA30-8FC2C4F74671}.Debug|Any CPU.Deploy.0 = Debug|Any CPU
		{61B569A7-3971-42B6-AA30-8FC2C4F74671}.Debug|iPhone.ActiveCfg = Debug|Any CPU
		{61B569A7-3971-42B6-AA30-8FC2C4F74671}.Debug|iPhone.Build.0 = Debug|Any CPU
		{61B569A7-3971-42B6-AA30-8FC2C4F74671}.Debug|iPhone.Deploy.0 = Debug|Any CPU
		{61B569A7-3971-42B6-AA30-8FC2C4F74671}.Debug|iPhoneSimulator.ActiveCfg = Debug|Any CPU
		{61B569A7-3971-42B6-AA30-8FC2C4F74671}.Debug|iPhoneSimulator.Build.0 = Debug|Any CPU
		{61B569A7-3971-42B6-AA30-8FC2C4F74671}.Debug|iPhoneSimulator.Deploy.0 = Debug|Any CPU
		{61B569A7-3971-42B6-AA30-8FC2C4F74671}.Release|Any CPU.ActiveCfg = Release|Any CPU
		{61B569A7-3971-42B6-AA30-8FC2C4F74671}.Release|Any CPU.Build.0 = Release|Any CPU
		{61B569A7-3971-42B6-AA30-8FC2C4F74671}.Release|Any CPU.Deploy.0 = Release|Any CPU
		{61B569A7-3971-42B6-AA30-8FC2C4F74671}.Release|iPhone.ActiveCfg = Release|Any CPU
		{61B569A7-3971-42B6-AA30-8FC2C4F74671}.Release|iPhone.Build.0 = Release|Any CPU
		{61B569A7-3971-42B6-AA30-8FC2C4F74671}.Release|iPhone.Deploy.0 = Release|Any CPU
		{61B569A7-3971-42B6-AA30-8FC2C4F74671}.Release|iPhoneSimulator.ActiveCfg = Release|Any CPU
		{61B569A7-3971-42B6-AA30-8FC2C4F74671}.Release|iPhoneSimulator.Build.0 = Release|Any CPU
		{61B569A7-3971-42B6-AA30-8FC2C4F74671}.Release|iPhoneSimulator.Deploy.0 = Release|Any CPU
		{7E4A7852-67D8-448F-8F11-F6E5F0E7E408}.Ad-Hoc|Any CPU.ActiveCfg = Ad-Hoc|iPhone
		{7E4A7852-67D8-448F-8F11-F6E5F0E7E408}.Ad-Hoc|iPhone.ActiveCfg = Ad-Hoc|iPhone
		{7E4A7852-67D8-448F-8F11-F6E5F0E7E408}.Ad-Hoc|iPhone.Build.0 = Ad-Hoc|iPhone
		{7E4A7852-67D8-448F-8F11-F6E5F0E7E408}.Ad-Hoc|iPhoneSimulator.ActiveCfg = Ad-Hoc|iPhoneSimulator
		{7E4A7852-67D8-448F-8F11-F6E5F0E7E408}.Ad-Hoc|iPhoneSimulator.Build.0 = Ad-Hoc|iPhoneSimulator
		{7E4A7852-67D8-448F-8F11-F6E5F0E7E408}.AppStore|Any CPU.ActiveCfg = AppStore|iPhone
		{7E4A7852-67D8-448F-8F11-F6E5F0E7E408}.AppStore|iPhone.ActiveCfg = AppStore|iPhone
		{7E4A7852-67D8-448F-8F11-F6E5F0E7E408}.AppStore|iPhone.Build.0 = AppStore|iPhone
		{7E4A7852-67D8-448F-8F11-F6E5F0E7E408}.AppStore|iPhoneSimulator.ActiveCfg = AppStore|iPhoneSimulator
		{7E4A7852-67D8-448F-8F11-F6E5F0E7E408}.AppStore|iPhoneSimulator.Build.0 = AppStore|iPhoneSimulator
		{7E4A7852-67D8-448F-8F11-F6E5F0E7E408}.Debug|Any CPU.ActiveCfg = Debug|iPhone
		{7E4A7852-67D8-448F-8F11-F6E5F0E7E408}.Debug|iPhone.ActiveCfg = Debug|iPhone
		{7E4A7852-67D8-448F-8F11-F6E5F0E7E408}.Debug|iPhone.Build.0 = Debug|iPhone
		{7E4A7852-67D8-448F-8F11-F6E5F0E7E408}.Debug|iPhoneSimulator.ActiveCfg = Debug|iPhoneSimulator
		{7E4A7852-67D8-448F-8F11-F6E5F0E7E408}.Debug|iPhoneSimulator.Build.0 = Debug|iPhoneSimulator
		{7E4A7852-67D8-448F-8F11-F6E5F0E7E408}.Release|Any CPU.ActiveCfg = Release|iPhone
		{7E4A7852-67D8-448F-8F11-F6E5F0E7E408}.Release|iPhone.ActiveCfg = Release|iPhone
		{7E4A7852-67D8-448F-8F11-F6E5F0E7E408}.Release|iPhone.Build.0 = Release|iPhone
		{7E4A7852-67D8-448F-8F11-F6E5F0E7E408}.Release|iPhoneSimulator.ActiveCfg = Release|iPhoneSimulator
		{7E4A7852-67D8-448F-8F11-F6E5F0E7E408}.Release|iPhoneSimulator.Build.0 = Release|iPhoneSimulator
		{E6C4D462-68A2-4847-AE01-7D54EE5DB4F1}.Ad-Hoc|Any CPU.ActiveCfg = Debug|Any CPU
		{E6C4D462-68A2-4847-AE01-7D54EE5DB4F1}.Ad-Hoc|Any CPU.Build.0 = Debug|Any CPU
		{E6C4D462-68A2-4847-AE01-7D54EE5DB4F1}.Ad-Hoc|iPhone.ActiveCfg = Debug|Any CPU
		{E6C4D462-68A2-4847-AE01-7D54EE5DB4F1}.Ad-Hoc|iPhone.Build.0 = Debug|Any CPU
		{E6C4D462-68A2-4847-AE01-7D54EE5DB4F1}.Ad-Hoc|iPhoneSimulator.ActiveCfg = Debug|Any CPU
		{E6C4D462-68A2-4847-AE01-7D54EE5DB4F1}.Ad-Hoc|iPhoneSimulator.Build.0 = Debug|Any CPU
		{E6C4D462-68A2-4847-AE01-7D54EE5DB4F1}.AppStore|Any CPU.ActiveCfg = Debug|Any CPU
		{E6C4D462-68A2-4847-AE01-7D54EE5DB4F1}.AppStore|Any CPU.Build.0 = Debug|Any CPU
		{E6C4D462-68A2-4847-AE01-7D54EE5DB4F1}.AppStore|iPhone.ActiveCfg = Debug|Any CPU
		{E6C4D462-68A2-4847-AE01-7D54EE5DB4F1}.AppStore|iPhone.Build.0 = Debug|Any CPU
		{E6C4D462-68A2-4847-AE01-7D54EE5DB4F1}.AppStore|iPhoneSimulator.ActiveCfg = Debug|Any CPU
		{E6C4D462-68A2-4847-AE01-7D54EE5DB4F1}.AppStore|iPhoneSimulator.Build.0 = Debug|Any CPU
		{E6C4D462-68A2-4847-AE01-7D54EE5DB4F1}.Debug|Any CPU.ActiveCfg = Debug|Any CPU
		{E6C4D462-68A2-4847-AE01-7D54EE5DB4F1}.Debug|Any CPU.Build.0 = Debug|Any CPU
		{E6C4D462-68A2-4847-AE01-7D54EE5DB4F1}.Debug|iPhone.ActiveCfg = Debug|Any CPU
		{E6C4D462-68A2-4847-AE01-7D54EE5DB4F1}.Debug|iPhone.Build.0 = Debug|Any CPU
		{E6C4D462-68A2-4847-AE01-7D54EE5DB4F1}.Debug|iPhoneSimulator.ActiveCfg = Debug|Any CPU
		{E6C4D462-68A2-4847-AE01-7D54EE5DB4F1}.Debug|iPhoneSimulator.Build.0 = Debug|Any CPU
		{E6C4D462-68A2-4847-AE01-7D54EE5DB4F1}.Release|Any CPU.ActiveCfg = Release|Any CPU
		{E6C4D462-68A2-4847-AE01-7D54EE5DB4F1}.Release|Any CPU.Build.0 = Release|Any CPU
		{E6C4D462-68A2-4847-AE01-7D54EE5DB4F1}.Release|iPhone.ActiveCfg = Release|Any CPU
		{E6C4D462-68A2-4847-AE01-7D54EE5DB4F1}.Release|iPhone.Build.0 = Release|Any CPU
		{E6C4D462-68A2-4847-AE01-7D54EE5DB4F1}.Release|iPhoneSimulator.ActiveCfg = Release|Any CPU
		{E6C4D462-68A2-4847-AE01-7D54EE5DB4F1}.Release|iPhoneSimulator.Build.0 = Release|Any CPU
		{86D4A5F6-2832-4CA1-807E-7A2CC0F9365D}.Ad-Hoc|Any CPU.ActiveCfg = Release|Any CPU
		{86D4A5F6-2832-4CA1-807E-7A2CC0F9365D}.Ad-Hoc|Any CPU.Build.0 = Release|Any CPU
		{86D4A5F6-2832-4CA1-807E-7A2CC0F9365D}.Ad-Hoc|iPhone.ActiveCfg = Release|Any CPU
		{86D4A5F6-2832-4CA1-807E-7A2CC0F9365D}.Ad-Hoc|iPhone.Build.0 = Release|Any CPU
		{86D4A5F6-2832-4CA1-807E-7A2CC0F9365D}.Ad-Hoc|iPhoneSimulator.ActiveCfg = Release|Any CPU
		{86D4A5F6-2832-4CA1-807E-7A2CC0F9365D}.Ad-Hoc|iPhoneSimulator.Build.0 = Release|Any CPU
		{86D4A5F6-2832-4CA1-807E-7A2CC0F9365D}.AppStore|Any CPU.ActiveCfg = Release|Any CPU
		{86D4A5F6-2832-4CA1-807E-7A2CC0F9365D}.AppStore|Any CPU.Build.0 = Release|Any CPU
		{86D4A5F6-2832-4CA1-807E-7A2CC0F9365D}.AppStore|iPhone.ActiveCfg = Release|Any CPU
		{86D4A5F6-2832-4CA1-807E-7A2CC0F9365D}.AppStore|iPhone.Build.0 = Release|Any CPU
		{86D4A5F6-2832-4CA1-807E-7A2CC0F9365D}.AppStore|iPhoneSimulator.ActiveCfg = Release|Any CPU
		{86D4A5F6-2832-4CA1-807E-7A2CC0F9365D}.AppStore|iPhoneSimulator.Build.0 = Release|Any CPU
		{86D4A5F6-2832-4CA1-807E-7A2CC0F9365D}.Debug|Any CPU.ActiveCfg = Debug|Any CPU
		{86D4A5F6-2832-4CA1-807E-7A2CC0F9365D}.Debug|Any CPU.Build.0 = Debug|Any CPU
		{86D4A5F6-2832-4CA1-807E-7A2CC0F9365D}.Debug|iPhone.ActiveCfg = Debug|Any CPU
		{86D4A5F6-2832-4CA1-807E-7A2CC0F9365D}.Debug|iPhone.Build.0 = Debug|Any CPU
		{86D4A5F6-2832-4CA1-807E-7A2CC0F9365D}.Debug|iPhoneSimulator.ActiveCfg = Debug|Any CPU
		{86D4A5F6-2832-4CA1-807E-7A2CC0F9365D}.Debug|iPhoneSimulator.Build.0 = Debug|Any CPU
		{86D4A5F6-2832-4CA1-807E-7A2CC0F9365D}.Release|Any CPU.ActiveCfg = Release|Any CPU
		{86D4A5F6-2832-4CA1-807E-7A2CC0F9365D}.Release|Any CPU.Build.0 = Release|Any CPU
		{86D4A5F6-2832-4CA1-807E-7A2CC0F9365D}.Release|iPhone.ActiveCfg = Release|Any CPU
		{86D4A5F6-2832-4CA1-807E-7A2CC0F9365D}.Release|iPhone.Build.0 = Release|Any CPU
		{86D4A5F6-2832-4CA1-807E-7A2CC0F9365D}.Release|iPhoneSimulator.ActiveCfg = Release|Any CPU
		{86D4A5F6-2832-4CA1-807E-7A2CC0F9365D}.Release|iPhoneSimulator.Build.0 = Release|Any CPU
		{E6B98D7E-BB5C-4D00-93E2-91E9B3A25083}.Ad-Hoc|Any CPU.ActiveCfg = Release|Any CPU
		{E6B98D7E-BB5C-4D00-93E2-91E9B3A25083}.Ad-Hoc|Any CPU.Build.0 = Release|Any CPU
		{E6B98D7E-BB5C-4D00-93E2-91E9B3A25083}.Ad-Hoc|iPhone.ActiveCfg = Release|Any CPU
		{E6B98D7E-BB5C-4D00-93E2-91E9B3A25083}.Ad-Hoc|iPhone.Build.0 = Release|Any CPU
		{E6B98D7E-BB5C-4D00-93E2-91E9B3A25083}.Ad-Hoc|iPhoneSimulator.ActiveCfg = Release|Any CPU
		{E6B98D7E-BB5C-4D00-93E2-91E9B3A25083}.Ad-Hoc|iPhoneSimulator.Build.0 = Release|Any CPU
		{E6B98D7E-BB5C-4D00-93E2-91E9B3A25083}.AppStore|Any CPU.ActiveCfg = Release|Any CPU
		{E6B98D7E-BB5C-4D00-93E2-91E9B3A25083}.AppStore|Any CPU.Build.0 = Release|Any CPU
		{E6B98D7E-BB5C-4D00-93E2-91E9B3A25083}.AppStore|iPhone.ActiveCfg = Release|Any CPU
		{E6B98D7E-BB5C-4D00-93E2-91E9B3A25083}.AppStore|iPhone.Build.0 = Release|Any CPU
		{E6B98D7E-BB5C-4D00-93E2-91E9B3A25083}.AppStore|iPhoneSimulator.ActiveCfg = Release|Any CPU
		{E6B98D7E-BB5C-4D00-93E2-91E9B3A25083}.AppStore|iPhoneSimulator.Build.0 = Release|Any CPU
		{E6B98D7E-BB5C-4D00-93E2-91E9B3A25083}.Debug|Any CPU.ActiveCfg = Debug|Any CPU
		{E6B98D7E-BB5C-4D00-93E2-91E9B3A25083}.Debug|Any CPU.Build.0 = Debug|Any CPU
		{E6B98D7E-BB5C-4D00-93E2-91E9B3A25083}.Debug|iPhone.ActiveCfg = Debug|Any CPU
		{E6B98D7E-BB5C-4D00-93E2-91E9B3A25083}.Debug|iPhone.Build.0 = Debug|Any CPU
		{E6B98D7E-BB5C-4D00-93E2-91E9B3A25083}.Debug|iPhoneSimulator.ActiveCfg = Debug|Any CPU
		{E6B98D7E-BB5C-4D00-93E2-91E9B3A25083}.Debug|iPhoneSimulator.Build.0 = Debug|Any CPU
		{E6B98D7E-BB5C-4D00-93E2-91E9B3A25083}.Release|Any CPU.ActiveCfg = Release|Any CPU
		{E6B98D7E-BB5C-4D00-93E2-91E9B3A25083}.Release|Any CPU.Build.0 = Release|Any CPU
		{E6B98D7E-BB5C-4D00-93E2-91E9B3A25083}.Release|iPhone.ActiveCfg = Release|Any CPU
		{E6B98D7E-BB5C-4D00-93E2-91E9B3A25083}.Release|iPhone.Build.0 = Release|Any CPU
		{E6B98D7E-BB5C-4D00-93E2-91E9B3A25083}.Release|iPhoneSimulator.ActiveCfg = Release|Any CPU
		{E6B98D7E-BB5C-4D00-93E2-91E9B3A25083}.Release|iPhoneSimulator.Build.0 = Release|Any CPU
		{21D70D83-4FAD-4359-B6D0-EA840FAB90E8}.Ad-Hoc|Any CPU.ActiveCfg = Release|Any CPU
		{21D70D83-4FAD-4359-B6D0-EA840FAB90E8}.Ad-Hoc|Any CPU.Build.0 = Release|Any CPU
		{21D70D83-4FAD-4359-B6D0-EA840FAB90E8}.Ad-Hoc|iPhone.ActiveCfg = Release|Any CPU
		{21D70D83-4FAD-4359-B6D0-EA840FAB90E8}.Ad-Hoc|iPhone.Build.0 = Release|Any CPU
		{21D70D83-4FAD-4359-B6D0-EA840FAB90E8}.Ad-Hoc|iPhoneSimulator.ActiveCfg = Release|Any CPU
		{21D70D83-4FAD-4359-B6D0-EA840FAB90E8}.Ad-Hoc|iPhoneSimulator.Build.0 = Release|Any CPU
		{21D70D83-4FAD-4359-B6D0-EA840FAB90E8}.AppStore|Any CPU.ActiveCfg = Release|Any CPU
		{21D70D83-4FAD-4359-B6D0-EA840FAB90E8}.AppStore|Any CPU.Build.0 = Release|Any CPU
		{21D70D83-4FAD-4359-B6D0-EA840FAB90E8}.AppStore|iPhone.ActiveCfg = Release|Any CPU
		{21D70D83-4FAD-4359-B6D0-EA840FAB90E8}.AppStore|iPhone.Build.0 = Release|Any CPU
		{21D70D83-4FAD-4359-B6D0-EA840FAB90E8}.AppStore|iPhoneSimulator.ActiveCfg = Release|Any CPU
		{21D70D83-4FAD-4359-B6D0-EA840FAB90E8}.AppStore|iPhoneSimulator.Build.0 = Release|Any CPU
		{21D70D83-4FAD-4359-B6D0-EA840FAB90E8}.Debug|Any CPU.ActiveCfg = Debug|Any CPU
		{21D70D83-4FAD-4359-B6D0-EA840FAB90E8}.Debug|Any CPU.Build.0 = Debug|Any CPU
		{21D70D83-4FAD-4359-B6D0-EA840FAB90E8}.Debug|iPhone.ActiveCfg = Debug|Any CPU
		{21D70D83-4FAD-4359-B6D0-EA840FAB90E8}.Debug|iPhone.Build.0 = Debug|Any CPU
		{21D70D83-4FAD-4359-B6D0-EA840FAB90E8}.Debug|iPhoneSimulator.ActiveCfg = Debug|Any CPU
		{21D70D83-4FAD-4359-B6D0-EA840FAB90E8}.Debug|iPhoneSimulator.Build.0 = Debug|Any CPU
		{21D70D83-4FAD-4359-B6D0-EA840FAB90E8}.Release|Any CPU.ActiveCfg = Release|Any CPU
		{21D70D83-4FAD-4359-B6D0-EA840FAB90E8}.Release|Any CPU.Build.0 = Release|Any CPU
		{21D70D83-4FAD-4359-B6D0-EA840FAB90E8}.Release|iPhone.ActiveCfg = Release|Any CPU
		{21D70D83-4FAD-4359-B6D0-EA840FAB90E8}.Release|iPhone.Build.0 = Release|Any CPU
		{21D70D83-4FAD-4359-B6D0-EA840FAB90E8}.Release|iPhoneSimulator.ActiveCfg = Release|Any CPU
		{21D70D83-4FAD-4359-B6D0-EA840FAB90E8}.Release|iPhoneSimulator.Build.0 = Release|Any CPU
		{F9193970-2A8C-435F-B6B1-7C9E4E71F033}.Ad-Hoc|Any CPU.ActiveCfg = Release|Any CPU
		{F9193970-2A8C-435F-B6B1-7C9E4E71F033}.Ad-Hoc|Any CPU.Build.0 = Release|Any CPU
		{F9193970-2A8C-435F-B6B1-7C9E4E71F033}.Ad-Hoc|iPhone.ActiveCfg = Release|Any CPU
		{F9193970-2A8C-435F-B6B1-7C9E4E71F033}.Ad-Hoc|iPhone.Build.0 = Release|Any CPU
		{F9193970-2A8C-435F-B6B1-7C9E4E71F033}.Ad-Hoc|iPhoneSimulator.ActiveCfg = Release|Any CPU
		{F9193970-2A8C-435F-B6B1-7C9E4E71F033}.Ad-Hoc|iPhoneSimulator.Build.0 = Release|Any CPU
		{F9193970-2A8C-435F-B6B1-7C9E4E71F033}.AppStore|Any CPU.ActiveCfg = Release|Any CPU
		{F9193970-2A8C-435F-B6B1-7C9E4E71F033}.AppStore|Any CPU.Build.0 = Release|Any CPU
		{F9193970-2A8C-435F-B6B1-7C9E4E71F033}.AppStore|iPhone.ActiveCfg = Release|Any CPU
		{F9193970-2A8C-435F-B6B1-7C9E4E71F033}.AppStore|iPhone.Build.0 = Release|Any CPU
		{F9193970-2A8C-435F-B6B1-7C9E4E71F033}.AppStore|iPhoneSimulator.ActiveCfg = Release|Any CPU
		{F9193970-2A8C-435F-B6B1-7C9E4E71F033}.AppStore|iPhoneSimulator.Build.0 = Release|Any CPU
		{F9193970-2A8C-435F-B6B1-7C9E4E71F033}.Debug|Any CPU.ActiveCfg = Debug|Any CPU
		{F9193970-2A8C-435F-B6B1-7C9E4E71F033}.Debug|Any CPU.Build.0 = Debug|Any CPU
		{F9193970-2A8C-435F-B6B1-7C9E4E71F033}.Debug|iPhone.ActiveCfg = Debug|Any CPU
		{F9193970-2A8C-435F-B6B1-7C9E4E71F033}.Debug|iPhone.Build.0 = Debug|Any CPU
		{F9193970-2A8C-435F-B6B1-7C9E4E71F033}.Debug|iPhoneSimulator.ActiveCfg = Debug|Any CPU
		{F9193970-2A8C-435F-B6B1-7C9E4E71F033}.Debug|iPhoneSimulator.Build.0 = Debug|Any CPU
		{F9193970-2A8C-435F-B6B1-7C9E4E71F033}.Release|Any CPU.ActiveCfg = Release|Any CPU
		{F9193970-2A8C-435F-B6B1-7C9E4E71F033}.Release|Any CPU.Build.0 = Release|Any CPU
		{F9193970-2A8C-435F-B6B1-7C9E4E71F033}.Release|iPhone.ActiveCfg = Release|Any CPU
		{F9193970-2A8C-435F-B6B1-7C9E4E71F033}.Release|iPhone.Build.0 = Release|Any CPU
		{F9193970-2A8C-435F-B6B1-7C9E4E71F033}.Release|iPhoneSimulator.ActiveCfg = Release|Any CPU
		{F9193970-2A8C-435F-B6B1-7C9E4E71F033}.Release|iPhoneSimulator.Build.0 = Release|Any CPU
	EndGlobalSection
	GlobalSection(SolutionProperties) = preSolution
		HideSolutionNode = FALSE
	EndGlobalSection
	GlobalSection(ExtensibilityGlobals) = postSolution
		SolutionGuid = {5ED114AF-5BDF-4E3C-AF94-750F85FD5419}
	EndGlobalSection
EndGlobal
